
Microsoft Visual Studio Solution File, Format Version 12.00
# Visual Studio 15
VisualStudioVersion = 15.0.25807.0
MinimumVisualStudioVersion = 10.0.40219.1
Project("{2150E333-8FDC-42A3-9474-1A3956D46DE8}") = "Engine", "Engine", "{48227912-68B9-48AF-86D0-9F77293FCFA9}"
EndProject
Project("{2150E333-8FDC-42A3-9474-1A3956D46DE8}") = "Games", "Games", "{0609C713-947C-46A3-99D4-16BA8B2E0720}"
EndProject
Project("{8BC9CEB8-8B4A-11D0-8D11-00A0C91BC942}") = "UE4", "Intermediate\ProjectFiles\UE4.vcxproj", "{ADF3F9F6-0481-4CB0-BEF0-78AC52184BB5}"
EndProject
Project("{8BC9CEB8-8B4A-11D0-8D11-00A0C91BC942}") = "LiuMingTutorial", "Intermediate\ProjectFiles\LiuMingTutorial.vcxproj", "{E5265F9B-816D-49CF-A0D3-87FAA8455090}"
EndProject
Project("{2150E333-8FDC-42A3-9474-1A3956D46DE8}") = "Visualizers", "Visualizers", "{4D11035E-ED88-4815-9111-ED789EE086A9}"
	ProjectSection(SolutionItems) = preProject
		D:\Epic Games\UE_4.22\Engine\Extras\VisualStudioDebugging\UE4.natvis = D:\Epic Games\UE_4.22\Engine\Extras\VisualStudioDebugging\UE4.natvis
	EndProjectSection
EndProject
Global
	GlobalSection(SolutionConfigurationPlatforms) = preSolution
		DebugGame Editor|HTML5 = DebugGame Editor|HTML5
		DebugGame Editor|Win32 = DebugGame Editor|Win32
		DebugGame Editor|Win64 = DebugGame Editor|Win64
		DebugGame|HTML5 = DebugGame|HTML5
		DebugGame|Win32 = DebugGame|Win32
		DebugGame|Win64 = DebugGame|Win64
		Development Editor|HTML5 = Development Editor|HTML5
		Development Editor|Win32 = Development Editor|Win32
		Development Editor|Win64 = Development Editor|Win64
		Development|HTML5 = Development|HTML5
		Development|Win32 = Development|Win32
		Development|Win64 = Development|Win64
		Shipping|HTML5 = Shipping|HTML5
		Shipping|Win32 = Shipping|Win32
		Shipping|Win64 = Shipping|Win64
	EndGlobalSection
	GlobalSection(ProjectConfigurationPlatforms) = postSolution
		{ADF3F9F6-0481-4CB0-BEF0-78AC52184BB5}.DebugGame Editor|HTML5.ActiveCfg = BuiltWithUnrealBuildTool|Win32
		{ADF3F9F6-0481-4CB0-BEF0-78AC52184BB5}.DebugGame Editor|Win32.ActiveCfg = BuiltWithUnrealBuildTool|Win32
		{ADF3F9F6-0481-4CB0-BEF0-78AC52184BB5}.DebugGame Editor|Win64.ActiveCfg = BuiltWithUnrealBuildTool|Win32
		{ADF3F9F6-0481-4CB0-BEF0-78AC52184BB5}.DebugGame|HTML5.ActiveCfg = BuiltWithUnrealBuildTool|Win32
		{ADF3F9F6-0481-4CB0-BEF0-78AC52184BB5}.DebugGame|Win32.ActiveCfg = BuiltWithUnrealBuildTool|Win32
		{ADF3F9F6-0481-4CB0-BEF0-78AC52184BB5}.DebugGame|Win64.ActiveCfg = BuiltWithUnrealBuildTool|Win32
		{ADF3F9F6-0481-4CB0-BEF0-78AC52184BB5}.Development Editor|HTML5.ActiveCfg = BuiltWithUnrealBuildTool|Win32
		{ADF3F9F6-0481-4CB0-BEF0-78AC52184BB5}.Development Editor|Win32.ActiveCfg = BuiltWithUnrealBuildTool|Win32
		{ADF3F9F6-0481-4CB0-BEF0-78AC52184BB5}.Development Editor|Win64.ActiveCfg = BuiltWithUnrealBuildTool|Win32
		{ADF3F9F6-0481-4CB0-BEF0-78AC52184BB5}.Development|HTML5.ActiveCfg = BuiltWithUnrealBuildTool|Win32
		{ADF3F9F6-0481-4CB0-BEF0-78AC52184BB5}.Development|Win32.ActiveCfg = BuiltWithUnrealBuildTool|Win32
		{ADF3F9F6-0481-4CB0-BEF0-78AC52184BB5}.Development|Win64.ActiveCfg = BuiltWithUnrealBuildTool|Win32
		{ADF3F9F6-0481-4CB0-BEF0-78AC52184BB5}.Shipping|HTML5.ActiveCfg = BuiltWithUnrealBuildTool|Win32
		{ADF3F9F6-0481-4CB0-BEF0-78AC52184BB5}.Shipping|Win32.ActiveCfg = BuiltWithUnrealBuildTool|Win32
		{ADF3F9F6-0481-4CB0-BEF0-78AC52184BB5}.Shipping|Win64.ActiveCfg = BuiltWithUnrealBuildTool|Win32
		{E5265F9B-816D-49CF-A0D3-87FAA8455090}.DebugGame Editor|HTML5.ActiveCfg = Invalid|Win32
		{E5265F9B-816D-49CF-A0D3-87FAA8455090}.DebugGame Editor|Win32.ActiveCfg = Invalid|Win32
		{E5265F9B-816D-49CF-A0D3-87FAA8455090}.DebugGame Editor|Win64.ActiveCfg = DebugGame_Editor|x64
		{E5265F9B-816D-49CF-A0D3-87FAA8455090}.DebugGame Editor|Win64.Build.0 = DebugGame_Editor|x64
		{E5265F9B-816D-49CF-A0D3-87FAA8455090}.DebugGame|HTML5.ActiveCfg = HTML5_DebugGame|Win32
		{E5265F9B-816D-49CF-A0D3-87FAA8455090}.DebugGame|HTML5.Build.0 = HTML5_DebugGame|Win32
		{E5265F9B-816D-49CF-A0D3-87FAA8455090}.DebugGame|Win32.ActiveCfg = DebugGame|Win32
		{E5265F9B-816D-49CF-A0D3-87FAA8455090}.DebugGame|Win32.Build.0 = DebugGame|Win32
		{E5265F9B-816D-49CF-A0D3-87FAA8455090}.DebugGame|Win64.ActiveCfg = DebugGame|x64
		{E5265F9B-816D-49CF-A0D3-87FAA8455090}.DebugGame|Win64.Build.0 = DebugGame|x64
		{E5265F9B-816D-49CF-A0D3-87FAA8455090}.Development Editor|HTML5.ActiveCfg = Invalid|Win32
		{E5265F9B-816D-49CF-A0D3-87FAA8455090}.Development Editor|Win32.ActiveCfg = Invalid|Win32
		{E5265F9B-816D-49CF-A0D3-87FAA8455090}.Development Editor|Win64.ActiveCfg = Development_Editor|x64
		{E5265F9B-816D-49CF-A0D3-87FAA8455090}.Development Editor|Win64.Build.0 = Development_Editor|x64
		{E5265F9B-816D-49CF-A0D3-87FAA8455090}.Development|HTML5.ActiveCfg = HTML5_Development|Win32
		{E5265F9B-816D-49CF-A0D3-87FAA8455090}.Development|HTML5.Build.0 = HTML5_Development|Win32
		{E5265F9B-816D-49CF-A0D3-87FAA8455090}.Development|Win32.ActiveCfg = Development|Win32
		{E5265F9B-816D-49CF-A0D3-87FAA8455090}.Development|Win32.Build.0 = Development|Win32
		{E5265F9B-816D-49CF-A0D3-87FAA8455090}.Development|Win64.ActiveCfg = Development|x64
		{E5265F9B-816D-49CF-A0D3-87FAA8455090}.Development|Win64.Build.0 = Development|x64
		{E5265F9B-816D-49CF-A0D3-87FAA8455090}.Shipping|HTML5.ActiveCfg = HTML5_Shipping|Win32
		{E5265F9B-816D-49CF-A0D3-87FAA8455090}.Shipping|HTML5.Build.0 = HTML5_Shipping|Win32
		{E5265F9B-816D-49CF-A0D3-87FAA8455090}.Shipping|Win32.ActiveCfg = Shipping|Win32
		{E5265F9B-816D-49CF-A0D3-87FAA8455090}.Shipping|Win32.Build.0 = Shipping|Win32
		{E5265F9B-816D-49CF-A0D3-87FAA8455090}.Shipping|Win64.ActiveCfg = Shipping|x64
		{E5265F9B-816D-49CF-A0D3-87FAA8455090}.Shipping|Win64.Build.0 = Shipping|x64
	EndGlobalSection
	GlobalSection(SolutionProperties) = preSolution
		HideSolutionNode = FALSE
	EndGlobalSection
	GlobalSection(NestedProjects) = preSolution
		{ADF3F9F6-0481-4CB0-BEF0-78AC52184BB5} = {48227912-68B9-48AF-86D0-9F77293FCFA9}
		{E5265F9B-816D-49CF-A0D3-87FAA8455090} = {0609C713-947C-46A3-99D4-16BA8B2E0720}
	EndGlobalSection
EndGlobal
